
Microsoft Visual Studio Solution File, Format Version 12.00
# Visual Studio Version 17
VisualStudioVersion = 17.0.31903.59
MinimumVisualStudioVersion = 10.0.40219.1
Project("{2150E333-8FDC-42A3-9474-1A3956D46DE8}") = "FrontEnd", "FrontEnd", "{AF805351-689A-4D72-A571-D5C5347FD148}"
EndProject
Project("{2150E333-8FDC-42A3-9474-1A3956D46DE8}") = "Services", "Services", "{E8DD46F9-F947-48B7-9D1A-D04569048350}"
EndProject
Project("{9A19103F-16F7-4668-BE54-9A1E7A4F7556}") = "LutryShop.Web", "LutryShop.Web\LutryShop.Web.csproj", "{7B240BDC-790B-43AE-B6F4-AA76964B6857}"
EndProject
Project("{9A19103F-16F7-4668-BE54-9A1E7A4F7556}") = "LutryShop.ProductApi", "LutryShop.ProductApi\LutryShop.ProductApi.csproj", "{91604F64-A56D-47AB-AA40-73359DB12826}"
EndProject
Project("{9A19103F-16F7-4668-BE54-9A1E7A4F7556}") = "LutryShop.IdentityServer", "LutryShop.IdentityServer\LutryShop.IdentityServer.csproj", "{6D6702D0-81FC-475C-9724-36F94B4A7F5B}"
EndProject
Project("{9A19103F-16F7-4668-BE54-9A1E7A4F7556}") = "LutryShop.CartApi", "LutryShop.CartApi\LutryShop.CartApi.csproj", "{C1172CEE-233B-473F-B9DD-692095B7129F}"
EndProject
Project("{9A19103F-16F7-4668-BE54-9A1E7A4F7556}") = "LutryShop.CouponApi", "LutryShop.CouponApi\LutryShop.CouponApi.csproj", "{28B64CC7-FF87-4E02-9ACF-10CE47C4C84F}"
EndProject
Project("{2150E333-8FDC-42A3-9474-1A3956D46DE8}") = "Integration", "Integration", "{B1D9B3FD-D2EE-4A2C-B374-C22F35BF84B9}"
EndProject
Project("{9A19103F-16F7-4668-BE54-9A1E7A4F7556}") = "LutryShop.MessageBus", "LutryShop.MessageBus\LutryShop.MessageBus.csproj", "{A90FDABD-CD8F-4D41-B754-EA6EBD9CE41B}"
EndProject
Project("{9A19103F-16F7-4668-BE54-9A1E7A4F7556}") = "LutryShop.OrderApi", "LutryShop.OrderApi\LutryShop.OrderApi.csproj", "{A0F7EBBD-05B6-4DC7-80CF-BE78EF57B99B}"
EndProject
Project("{2150E333-8FDC-42A3-9474-1A3956D46DE8}") = "Payments", "Payments", "{1318E50A-6374-4E47-8A95-29F2CDE76AA9}"
EndProject
Project("{9A19103F-16F7-4668-BE54-9A1E7A4F7556}") = "LutryShop.PaymentProcessor", "LutryShop.PaymentProcessor\LutryShop.PaymentProcessor.csproj", "{9EBA105C-A214-43C6-8CC8-3177A36217F0}"
EndProject
Project("{9A19103F-16F7-4668-BE54-9A1E7A4F7556}") = "LutryShop.PaymentApi", "LutryShop.PaymentApi\LutryShop.PaymentApi.csproj", "{E703D9C1-FADB-4E3D-B3B9-25517B22126B}"
EndProject
Project("{FAE04EC0-301F-11D3-BF4B-00C04F79EFBC}") = "LutryShop.Email", "LutryShop.Email\LutryShop.Email.csproj", "{C2FFE3D7-B0B6-4588-A8F1-6B47ADCF6F68}"
EndProject
Global
	GlobalSection(SolutionConfigurationPlatforms) = preSolution
		Debug|Any CPU = Debug|Any CPU
		Release|Any CPU = Release|Any CPU
	EndGlobalSection
	GlobalSection(ProjectConfigurationPlatforms) = postSolution
		{7B240BDC-790B-43AE-B6F4-AA76964B6857}.Debug|Any CPU.ActiveCfg = Debug|Any CPU
		{7B240BDC-790B-43AE-B6F4-AA76964B6857}.Debug|Any CPU.Build.0 = Debug|Any CPU
		{7B240BDC-790B-43AE-B6F4-AA76964B6857}.Release|Any CPU.ActiveCfg = Release|Any CPU
		{7B240BDC-790B-43AE-B6F4-AA76964B6857}.Release|Any CPU.Build.0 = Release|Any CPU
		{91604F64-A56D-47AB-AA40-73359DB12826}.Debug|Any CPU.ActiveCfg = Debug|Any CPU
		{91604F64-A56D-47AB-AA40-73359DB12826}.Debug|Any CPU.Build.0 = Debug|Any CPU
		{91604F64-A56D-47AB-AA40-73359DB12826}.Release|Any CPU.ActiveCfg = Release|Any CPU
		{91604F64-A56D-47AB-AA40-73359DB12826}.Release|Any CPU.Build.0 = Release|Any CPU
		{6D6702D0-81FC-475C-9724-36F94B4A7F5B}.Debug|Any CPU.ActiveCfg = Debug|Any CPU
		{6D6702D0-81FC-475C-9724-36F94B4A7F5B}.Debug|Any CPU.Build.0 = Debug|Any CPU
		{6D6702D0-81FC-475C-9724-36F94B4A7F5B}.Release|Any CPU.ActiveCfg = Release|Any CPU
		{6D6702D0-81FC-475C-9724-36F94B4A7F5B}.Release|Any CPU.Build.0 = Release|Any CPU
		{C1172CEE-233B-473F-B9DD-692095B7129F}.Debug|Any CPU.ActiveCfg = Debug|Any CPU
		{C1172CEE-233B-473F-B9DD-692095B7129F}.Debug|Any CPU.Build.0 = Debug|Any CPU
		{C1172CEE-233B-473F-B9DD-692095B7129F}.Release|Any CPU.ActiveCfg = Release|Any CPU
		{C1172CEE-233B-473F-B9DD-692095B7129F}.Release|Any CPU.Build.0 = Release|Any CPU
		{28B64CC7-FF87-4E02-9ACF-10CE47C4C84F}.Debug|Any CPU.ActiveCfg = Debug|Any CPU
		{28B64CC7-FF87-4E02-9ACF-10CE47C4C84F}.Debug|Any CPU.Build.0 = Debug|Any CPU
		{28B64CC7-FF87-4E02-9ACF-10CE47C4C84F}.Release|Any CPU.ActiveCfg = Release|Any CPU
		{28B64CC7-FF87-4E02-9ACF-10CE47C4C84F}.Release|Any CPU.Build.0 = Release|Any CPU
		{A90FDABD-CD8F-4D41-B754-EA6EBD9CE41B}.Debug|Any CPU.ActiveCfg = Debug|Any CPU
		{A90FDABD-CD8F-4D41-B754-EA6EBD9CE41B}.Debug|Any CPU.Build.0 = Debug|Any CPU
		{A90FDABD-CD8F-4D41-B754-EA6EBD9CE41B}.Release|Any CPU.ActiveCfg = Release|Any CPU
		{A90FDABD-CD8F-4D41-B754-EA6EBD9CE41B}.Release|Any CPU.Build.0 = Release|Any CPU
		{A0F7EBBD-05B6-4DC7-80CF-BE78EF57B99B}.Debug|Any CPU.ActiveCfg = Debug|Any CPU
		{A0F7EBBD-05B6-4DC7-80CF-BE78EF57B99B}.Debug|Any CPU.Build.0 = Debug|Any CPU
		{A0F7EBBD-05B6-4DC7-80CF-BE78EF57B99B}.Release|Any CPU.ActiveCfg = Release|Any CPU
		{A0F7EBBD-05B6-4DC7-80CF-BE78EF57B99B}.Release|Any CPU.Build.0 = Release|Any CPU
		{9EBA105C-A214-43C6-8CC8-3177A36217F0}.Debug|Any CPU.ActiveCfg = Debug|Any CPU
		{9EBA105C-A214-43C6-8CC8-3177A36217F0}.Debug|Any CPU.Build.0 = Debug|Any CPU
		{9EBA105C-A214-43C6-8CC8-3177A36217F0}.Release|Any CPU.ActiveCfg = Release|Any CPU
		{9EBA105C-A214-43C6-8CC8-3177A36217F0}.Release|Any CPU.Build.0 = Release|Any CPU
		{E703D9C1-FADB-4E3D-B3B9-25517B22126B}.Debug|Any CPU.ActiveCfg = Debug|Any CPU
		{E703D9C1-FADB-4E3D-B3B9-25517B22126B}.Debug|Any CPU.Build.0 = Debug|Any CPU
		{E703D9C1-FADB-4E3D-B3B9-25517B22126B}.Release|Any CPU.ActiveCfg = Release|Any CPU
		{E703D9C1-FADB-4E3D-B3B9-25517B22126B}.Release|Any CPU.Build.0 = Release|Any CPU
		{C2FFE3D7-B0B6-4588-A8F1-6B47ADCF6F68}.Debug|Any CPU.ActiveCfg = Debug|Any CPU
		{C2FFE3D7-B0B6-4588-A8F1-6B47ADCF6F68}.Debug|Any CPU.Build.0 = Debug|Any CPU
		{C2FFE3D7-B0B6-4588-A8F1-6B47ADCF6F68}.Release|Any CPU.ActiveCfg = Release|Any CPU
		{C2FFE3D7-B0B6-4588-A8F1-6B47ADCF6F68}.Release|Any CPU.Build.0 = Release|Any CPU
	EndGlobalSection
	GlobalSection(SolutionProperties) = preSolution
		HideSolutionNode = FALSE
	EndGlobalSection
	GlobalSection(NestedProjects) = preSolution
		{7B240BDC-790B-43AE-B6F4-AA76964B6857} = {AF805351-689A-4D72-A571-D5C5347FD148}
		{91604F64-A56D-47AB-AA40-73359DB12826} = {E8DD46F9-F947-48B7-9D1A-D04569048350}
		{6D6702D0-81FC-475C-9724-36F94B4A7F5B} = {E8DD46F9-F947-48B7-9D1A-D04569048350}
		{C1172CEE-233B-473F-B9DD-692095B7129F} = {E8DD46F9-F947-48B7-9D1A-D04569048350}
		{28B64CC7-FF87-4E02-9ACF-10CE47C4C84F} = {E8DD46F9-F947-48B7-9D1A-D04569048350}
		{A90FDABD-CD8F-4D41-B754-EA6EBD9CE41B} = {B1D9B3FD-D2EE-4A2C-B374-C22F35BF84B9}
		{A0F7EBBD-05B6-4DC7-80CF-BE78EF57B99B} = {E8DD46F9-F947-48B7-9D1A-D04569048350}
		{9EBA105C-A214-43C6-8CC8-3177A36217F0} = {1318E50A-6374-4E47-8A95-29F2CDE76AA9}
		{E703D9C1-FADB-4E3D-B3B9-25517B22126B} = {E8DD46F9-F947-48B7-9D1A-D04569048350}
		{C2FFE3D7-B0B6-4588-A8F1-6B47ADCF6F68} = {E8DD46F9-F947-48B7-9D1A-D04569048350}
	EndGlobalSection
	GlobalSection(ExtensibilityGlobals) = postSolution
		SolutionGuid = {7EA6C7E8-4FC2-4001-BAC0-7812E51EAA82}
	EndGlobalSection
EndGlobal
